
Microsoft Visual Studio Solution File, Format Version 12.00
# Visual Studio Version 17
VisualStudioVersion = 17.7.34024.191
MinimumVisualStudioVersion = 10.0.40219.1
Project("{9A19103F-16F7-4668-BE54-9A1E7A4F7556}") = "SpecFlowTests", "SpecFlowTests.csproj", "{D7353A1E-16EE-4847-A5B7-BE9B062E3B65}"
EndProject
Project("{9A19103F-16F7-4668-BE54-9A1E7A4F7556}") = "Exercise_1", "..\..\Repositorio\c-_Exercises\Exercise_1.csproj", "{EB07618C-4591-4046-9B53-CFD21D6961FC}"
EndProject
Global
	GlobalSection(SolutionConfigurationPlatforms) = preSolution
		Debug|Any CPU = Debug|Any CPU
		Release|Any CPU = Release|Any CPU
	EndGlobalSection
	GlobalSection(ProjectConfigurationPlatforms) = postSolution
		{D7353A1E-16EE-4847-A5B7-BE9B062E3B65}.Debug|Any CPU.ActiveCfg = Debug|Any CPU
		{D7353A1E-16EE-4847-A5B7-BE9B062E3B65}.Debug|Any CPU.Build.0 = Debug|Any CPU
		{D7353A1E-16EE-4847-A5B7-BE9B062E3B65}.Release|Any CPU.ActiveCfg = Release|Any CPU
		{D7353A1E-16EE-4847-A5B7-BE9B062E3B65}.Release|Any CPU.Build.0 = Release|Any CPU
		{EB07618C-4591-4046-9B53-CFD21D6961FC}.Debug|Any CPU.ActiveCfg = Debug|Any CPU
		{EB07618C-4591-4046-9B53-CFD21D6961FC}.Debug|Any CPU.Build.0 = Debug|Any CPU
		{EB07618C-4591-4046-9B53-CFD21D6961FC}.Release|Any CPU.ActiveCfg = Release|Any CPU
		{EB07618C-4591-4046-9B53-CFD21D6961FC}.Release|Any CPU.Build.0 = Release|Any CPU
	EndGlobalSection
	GlobalSection(SolutionProperties) = preSolution
		HideSolutionNode = FALSE
	EndGlobalSection
	GlobalSection(ExtensibilityGlobals) = postSolution
		SolutionGuid = {0A978584-5502-46F4-ADCF-ECEB732AEBB9}
	EndGlobalSection
EndGlobal
